// !$*UTF8*$!
{
	archiveVersion = 1;
	classes = {
	};
	objectVersion = 48;
	objects = {

/* Begin PBXBuildFile section */
		350068821B587118E5ABFA31 /* Pods_DevChat.framework in Frameworks */ = {isa = PBXBuildFile; fileRef = 5368CAAAE30C2E7A1D05CABD /* Pods_DevChat.framework */; };
		C836452020312D5200BAD997 /* ApplePreviewView.swift in Sources */ = {isa = PBXBuildFile; fileRef = C836451E20312D5100BAD997 /* ApplePreviewView.swift */; };
		C836452120312D5200BAD997 /* AppleCameraViewController.swift in Sources */ = {isa = PBXBuildFile; fileRef = C836451F20312D5200BAD997 /* AppleCameraViewController.swift */; };
		C83D34F1203A35D0001C0AED /* LoginVC.swift in Sources */ = {isa = PBXBuildFile; fileRef = C83D34F0203A35D0001C0AED /* LoginVC.swift */; };
		C84D155A2033BAD6009FEB16 /* AppleCameraVCDelegate.swift in Sources */ = {isa = PBXBuildFile; fileRef = C84D15592033BAD6009FEB16 /* AppleCameraVCDelegate.swift */; };
		C84D155C2033D3A7009FEB16 /* GoogleService-Info.plist in Resources */ = {isa = PBXBuildFile; fileRef = C84D155B2033D3A7009FEB16 /* GoogleService-Info.plist */; };
		C8721A2D20312ED900DD0B27 /* PhotoCaptureDelegate.swift in Sources */ = {isa = PBXBuildFile; fileRef = C8721A2C20312ED900DD0B27 /* PhotoCaptureDelegate.swift */; };
		C88C3D182038BA580021C1AC /* RoundTextField.swift in Sources */ = {isa = PBXBuildFile; fileRef = C88C3D172038BA580021C1AC /* RoundTextField.swift */; };
		C88F7FF3203F6C70006EA978 /* DataService.swift in Sources */ = {isa = PBXBuildFile; fileRef = C88F7FF2203F6C70006EA978 /* DataService.swift */; };
		C88F7FF5203F9ED7006EA978 /* UsersVC.swift in Sources */ = {isa = PBXBuildFile; fileRef = C88F7FF4203F9ED7006EA978 /* UsersVC.swift */; };
		C88F7FF7203FA143006EA978 /* UserCell.swift in Sources */ = {isa = PBXBuildFile; fileRef = C88F7FF6203FA143006EA978 /* UserCell.swift */; };
		C88F7FFC203FA59C006EA978 /* User.swift in Sources */ = {isa = PBXBuildFile; fileRef = C88F7FFB203FA59C006EA978 /* User.swift */; };
		C8B58F512038D45300050399 /* RoundButton.swift in Sources */ = {isa = PBXBuildFile; fileRef = C8B58F502038D45300050399 /* RoundButton.swift */; };
		C8CEDCEC203126630053951E /* AppDelegate.swift in Sources */ = {isa = PBXBuildFile; fileRef = C8CEDCEB203126630053951E /* AppDelegate.swift */; };
		C8CEDCEE203126630053951E /* CameraVC.swift in Sources */ = {isa = PBXBuildFile; fileRef = C8CEDCED203126630053951E /* CameraVC.swift */; };
		C8CEDCF1203126630053951E /* Main.storyboard in Resources */ = {isa = PBXBuildFile; fileRef = C8CEDCEF203126630053951E /* Main.storyboard */; };
		C8CEDCF3203126630053951E /* Assets.xcassets in Resources */ = {isa = PBXBuildFile; fileRef = C8CEDCF2203126630053951E /* Assets.xcassets */; };
		C8CEDCF6203126630053951E /* LaunchScreen.storyboard in Resources */ = {isa = PBXBuildFile; fileRef = C8CEDCF4203126630053951E /* LaunchScreen.storyboard */; };
		C8E82AA4203BADD600491A7F /* AuthService.swift in Sources */ = {isa = PBXBuildFile; fileRef = C8E82AA3203BADD600491A7F /* AuthService.swift */; };
/* End PBXBuildFile section */

/* Begin PBXFileReference section */
		5368CAAAE30C2E7A1D05CABD /* Pods_DevChat.framework */ = {isa = PBXFileReference; explicitFileType = wrapper.framework; includeInIndex = 0; path = Pods_DevChat.framework; sourceTree = BUILT_PRODUCTS_DIR; };
		8475A21B64B3DAAA54125969 /* Pods-DevChat.debug.xcconfig */ = {isa = PBXFileReference; includeInIndex = 1; lastKnownFileType = text.xcconfig; name = "Pods-DevChat.debug.xcconfig"; path = "Pods/Target Support Files/Pods-DevChat/Pods-DevChat.debug.xcconfig"; sourceTree = "<group>"; };
		C836451E20312D5100BAD997 /* ApplePreviewView.swift */ = {isa = PBXFileReference; fileEncoding = 4; lastKnownFileType = sourcecode.swift; path = ApplePreviewView.swift; sourceTree = "<group>"; };
		C836451F20312D5200BAD997 /* AppleCameraViewController.swift */ = {isa = PBXFileReference; fileEncoding = 4; lastKnownFileType = sourcecode.swift; path = AppleCameraViewController.swift; sourceTree = "<group>"; };
		C83D34F0203A35D0001C0AED /* LoginVC.swift */ = {isa = PBXFileReference; lastKnownFileType = sourcecode.swift; path = LoginVC.swift; sourceTree = "<group>"; };
		C84D15592033BAD6009FEB16 /* AppleCameraVCDelegate.swift */ = {isa = PBXFileReference; lastKnownFileType = sourcecode.swift; path = AppleCameraVCDelegate.swift; sourceTree = "<group>"; };
		C84D155B2033D3A7009FEB16 /* GoogleService-Info.plist */ = {isa = PBXFileReference; fileEncoding = 4; lastKnownFileType = text.plist.xml; path = "GoogleService-Info.plist"; sourceTree = "<group>"; };
		C8721A2C20312ED900DD0B27 /* PhotoCaptureDelegate.swift */ = {isa = PBXFileReference; fileEncoding = 4; lastKnownFileType = sourcecode.swift; path = PhotoCaptureDelegate.swift; sourceTree = "<group>"; };
		C88C3D172038BA580021C1AC /* RoundTextField.swift */ = {isa = PBXFileReference; lastKnownFileType = sourcecode.swift; path = RoundTextField.swift; sourceTree = "<group>"; };
		C88F7FF2203F6C70006EA978 /* DataService.swift */ = {isa = PBXFileReference; lastKnownFileType = sourcecode.swift; path = DataService.swift; sourceTree = "<group>"; };
		C88F7FF4203F9ED7006EA978 /* UsersVC.swift */ = {isa = PBXFileReference; lastKnownFileType = sourcecode.swift; path = UsersVC.swift; sourceTree = "<group>"; };
		C88F7FF6203FA143006EA978 /* UserCell.swift */ = {isa = PBXFileReference; lastKnownFileType = sourcecode.swift; path = UserCell.swift; sourceTree = "<group>"; };
		C88F7FFB203FA59C006EA978 /* User.swift */ = {isa = PBXFileReference; lastKnownFileType = sourcecode.swift; path = User.swift; sourceTree = "<group>"; };
		C8B58F502038D45300050399 /* RoundButton.swift */ = {isa = PBXFileReference; lastKnownFileType = sourcecode.swift; path = RoundButton.swift; sourceTree = "<group>"; };
		C8CEDCE8203126630053951E /* DevChat.app */ = {isa = PBXFileReference; explicitFileType = wrapper.application; includeInIndex = 0; path = DevChat.app; sourceTree = BUILT_PRODUCTS_DIR; };
		C8CEDCEB203126630053951E /* AppDelegate.swift */ = {isa = PBXFileReference; lastKnownFileType = sourcecode.swift; path = AppDelegate.swift; sourceTree = "<group>"; };
		C8CEDCED203126630053951E /* CameraVC.swift */ = {isa = PBXFileReference; lastKnownFileType = sourcecode.swift; path = CameraVC.swift; sourceTree = "<group>"; };
		C8CEDCF0203126630053951E /* Base */ = {isa = PBXFileReference; lastKnownFileType = file.storyboard; name = Base; path = Base.lproj/Main.storyboard; sourceTree = "<group>"; };
		C8CEDCF2203126630053951E /* Assets.xcassets */ = {isa = PBXFileReference; lastKnownFileType = folder.assetcatalog; path = Assets.xcassets; sourceTree = "<group>"; };
		C8CEDCF5203126630053951E /* Base */ = {isa = PBXFileReference; lastKnownFileType = file.storyboard; name = Base; path = Base.lproj/LaunchScreen.storyboard; sourceTree = "<group>"; };
		C8CEDCF7203126630053951E /* Info.plist */ = {isa = PBXFileReference; lastKnownFileType = text.plist.xml; path = Info.plist; sourceTree = "<group>"; };
		C8E82AA3203BADD600491A7F /* AuthService.swift */ = {isa = PBXFileReference; lastKnownFileType = sourcecode.swift; path = AuthService.swift; sourceTree = "<group>"; };
		CB666BB8AA9D8C301A63C4B8 /* Pods-DevChat.release.xcconfig */ = {isa = PBXFileReference; includeInIndex = 1; lastKnownFileType = text.xcconfig; name = "Pods-DevChat.release.xcconfig"; path = "Pods/Target Support Files/Pods-DevChat/Pods-DevChat.release.xcconfig"; sourceTree = "<group>"; };
/* End PBXFileReference section */

/* Begin PBXFrameworksBuildPhase section */
		C8CEDCE5203126630053951E /* Frameworks */ = {
			isa = PBXFrameworksBuildPhase;
			buildActionMask = 2147483647;
			files = (
				350068821B587118E5ABFA31 /* Pods_DevChat.framework in Frameworks */,
			);
			runOnlyForDeploymentPostprocessing = 0;
		};
/* End PBXFrameworksBuildPhase section */

/* Begin PBXGroup section */
		96590696B81573FDB81B8EB1 /* Frameworks */ = {
			isa = PBXGroup;
			children = (
				5368CAAAE30C2E7A1D05CABD /* Pods_DevChat.framework */,
			);
			name = Frameworks;
			sourceTree = "<group>";
		};
		C836452220312D7800BAD997 /* View */ = {
			isa = PBXGroup;
			children = (
				C836451E20312D5100BAD997 /* ApplePreviewView.swift */,
				C88C3D172038BA580021C1AC /* RoundTextField.swift */,
				C8B58F502038D45300050399 /* RoundButton.swift */,
				C88F7FF6203FA143006EA978 /* UserCell.swift */,
			);
			path = View;
			sourceTree = "<group>";
		};
		C84D15582033BAAE009FEB16 /* Protocols */ = {
			isa = PBXGroup;
			children = (
				C84D15592033BAD6009FEB16 /* AppleCameraVCDelegate.swift */,
			);
			path = Protocols;
			sourceTree = "<group>";
		};
		C84D155D2033D3B1009FEB16 /* Supporting Files */ = {
			isa = PBXGroup;
			children = (
				C8CEDCEB203126630053951E /* AppDelegate.swift */,
				C8CEDCF2203126630053951E /* Assets.xcassets */,
				C8CEDCF4203126630053951E /* LaunchScreen.storyboard */,
			);
			path = "Supporting Files";
			sourceTree = "<group>";
		};
		C88F7FFA203FA58B006EA978 /* Model */ = {
			isa = PBXGroup;
			children = (
				C88F7FFB203FA59C006EA978 /* User.swift */,
			);
			path = Model;
			sourceTree = "<group>";
		};
		C8CEDCDF203126630053951E = {
			isa = PBXGroup;
			children = (
				C8CEDCEA203126630053951E /* DevChat */,
				C8CEDCE9203126630053951E /* Products */,
				F1B54C7C3E4DEB04AADF4DDB /* Pods */,
				96590696B81573FDB81B8EB1 /* Frameworks */,
			);
			sourceTree = "<group>";
		};
		C8CEDCE9203126630053951E /* Products */ = {
			isa = PBXGroup;
			children = (
				C8CEDCE8203126630053951E /* DevChat.app */,
			);
			name = Products;
			sourceTree = "<group>";
		};
		C8CEDCEA203126630053951E /* DevChat */ = {
			isa = PBXGroup;
			children = (
				C8CEDCEF203126630053951E /* Main.storyboard */,
				C8CEDCFD203126710053951E /* Controller */,
				C84D15582033BAAE009FEB16 /* Protocols */,
				C88F7FFA203FA58B006EA978 /* Model */,
				C836452220312D7800BAD997 /* View */,
				C8E82AA2203BADBB00491A7F /* Services */,
				C84D155D2033D3B1009FEB16 /* Supporting Files */,
				C8721A2C20312ED900DD0B27 /* PhotoCaptureDelegate.swift */,
				C8CEDCF7203126630053951E /* Info.plist */,
				C84D155B2033D3A7009FEB16 /* GoogleService-Info.plist */,
			);
			path = DevChat;
			sourceTree = "<group>";
		};
		C8CEDCFD203126710053951E /* Controller */ = {
			isa = PBXGroup;
			children = (
				C836451F20312D5200BAD997 /* AppleCameraViewController.swift */,
				C8CEDCED203126630053951E /* CameraVC.swift */,
				C83D34F0203A35D0001C0AED /* LoginVC.swift */,
				C88F7FF4203F9ED7006EA978 /* UsersVC.swift */,
			);
			path = Controller;
			sourceTree = "<group>";
		};
		C8E82AA2203BADBB00491A7F /* Services */ = {
			isa = PBXGroup;
			children = (
				C8E82AA3203BADD600491A7F /* AuthService.swift */,
				C88F7FF2203F6C70006EA978 /* DataService.swift */,
			);
			path = Services;
			sourceTree = "<group>";
		};
		F1B54C7C3E4DEB04AADF4DDB /* Pods */ = {
			isa = PBXGroup;
			children = (
				8475A21B64B3DAAA54125969 /* Pods-DevChat.debug.xcconfig */,
				CB666BB8AA9D8C301A63C4B8 /* Pods-DevChat.release.xcconfig */,
			);
			name = Pods;
			sourceTree = "<group>";
		};
/* End PBXGroup section */

/* Begin PBXNativeTarget section */
		C8CEDCE7203126630053951E /* DevChat */ = {
			isa = PBXNativeTarget;
			buildConfigurationList = C8CEDCFA203126630053951E /* Build configuration list for PBXNativeTarget "DevChat" */;
			buildPhases = (
				333A05A832A8E5CBE9E962EC /* [CP] Check Pods Manifest.lock */,
				C8CEDCE4203126630053951E /* Sources */,
				C8CEDCE5203126630053951E /* Frameworks */,
				C8CEDCE6203126630053951E /* Resources */,
				F69F849D96939A4B1AB1CE4F /* [CP] Embed Pods Frameworks */,
				E5579C0A54AFDCF89306D1F9 /* [CP] Copy Pods Resources */,
			);
			buildRules = (
			);
			dependencies = (
			);
			name = DevChat;
			productName = DevChat;
			productReference = C8CEDCE8203126630053951E /* DevChat.app */;
			productType = "com.apple.product-type.application";
		};
/* End PBXNativeTarget section */

/* Begin PBXProject section */
		C8CEDCE0203126630053951E /* Project object */ = {
			isa = PBXProject;
			attributes = {
				LastSwiftUpdateCheck = 0920;
				LastUpgradeCheck = 0920;
				ORGANIZATIONNAME = "Brennan Linse";
				TargetAttributes = {
					C8CEDCE7203126630053951E = {
						CreatedOnToolsVersion = 9.2;
						ProvisioningStyle = Automatic;
					};
				};
			};
			buildConfigurationList = C8CEDCE3203126630053951E /* Build configuration list for PBXProject "DevChat" */;
			compatibilityVersion = "Xcode 8.0";
			developmentRegion = en;
			hasScannedForEncodings = 0;
			knownRegions = (
				en,
				Base,
			);
			mainGroup = C8CEDCDF203126630053951E;
			productRefGroup = C8CEDCE9203126630053951E /* Products */;
			projectDirPath = "";
			projectRoot = "";
			targets = (
				C8CEDCE7203126630053951E /* DevChat */,
			);
		};
/* End PBXProject section */

/* Begin PBXResourcesBuildPhase section */
		C8CEDCE6203126630053951E /* Resources */ = {
			isa = PBXResourcesBuildPhase;
			buildActionMask = 2147483647;
			files = (
				C8CEDCF6203126630053951E /* LaunchScreen.storyboard in Resources */,
				C84D155C2033D3A7009FEB16 /* GoogleService-Info.plist in Resources */,
				C8CEDCF3203126630053951E /* Assets.xcassets in Resources */,
				C8CEDCF1203126630053951E /* Main.storyboard in Resources */,
			);
			runOnlyForDeploymentPostprocessing = 0;
		};
/* End PBXResourcesBuildPhase section */

/* Begin PBXShellScriptBuildPhase section */
		333A05A832A8E5CBE9E962EC /* [CP] Check Pods Manifest.lock */ = {
			isa = PBXShellScriptBuildPhase;
			buildActionMask = 2147483647;
			files = (
			);
			inputPaths = (
				"${PODS_PODFILE_DIR_PATH}/Podfile.lock",
				"${PODS_ROOT}/Manifest.lock",
			);
			name = "[CP] Check Pods Manifest.lock";
			outputPaths = (
				"$(DERIVED_FILE_DIR)/Pods-DevChat-checkManifestLockResult.txt",
			);
			runOnlyForDeploymentPostprocessing = 0;
			shellPath = /bin/sh;
			shellScript = "diff \"${PODS_PODFILE_DIR_PATH}/Podfile.lock\" \"${PODS_ROOT}/Manifest.lock\" > /dev/null\nif [ $? != 0 ] ; then\n    # print error to STDERR\n    echo \"error: The sandbox is not in sync with the Podfile.lock. Run 'pod install' or update your CocoaPods installation.\" >&2\n    exit 1\nfi\n# This output is used by Xcode 'outputs' to avoid re-running this script phase.\necho \"SUCCESS\" > \"${SCRIPT_OUTPUT_FILE_0}\"\n";
			showEnvVarsInLog = 0;
		};
		E5579C0A54AFDCF89306D1F9 /* [CP] Copy Pods Resources */ = {
			isa = PBXShellScriptBuildPhase;
			buildActionMask = 2147483647;
			files = (
			);
			inputPaths = (
			);
			name = "[CP] Copy Pods Resources";
			outputPaths = (
			);
			runOnlyForDeploymentPostprocessing = 0;
			shellPath = /bin/sh;
			shellScript = "\"${SRCROOT}/Pods/Target Support Files/Pods-DevChat/Pods-DevChat-resources.sh\"\n";
			showEnvVarsInLog = 0;
		};
		F69F849D96939A4B1AB1CE4F /* [CP] Embed Pods Frameworks */ = {
			isa = PBXShellScriptBuildPhase;
			buildActionMask = 2147483647;
			files = (
			);
			inputPaths = (
				"${SRCROOT}/Pods/Target Support Files/Pods-DevChat/Pods-DevChat-frameworks.sh",
				"${BUILT_PRODUCTS_DIR}/GTMSessionFetcher/GTMSessionFetcher.framework",
				"${BUILT_PRODUCTS_DIR}/GoogleToolboxForMac/GoogleToolboxForMac.framework",
				"${BUILT_PRODUCTS_DIR}/leveldb-library/leveldb.framework",
				"${BUILT_PRODUCTS_DIR}/nanopb/nanopb.framework",
			);
			name = "[CP] Embed Pods Frameworks";
			outputPaths = (
				"${TARGET_BUILD_DIR}/${FRAMEWORKS_FOLDER_PATH}/GTMSessionFetcher.framework",
				"${TARGET_BUILD_DIR}/${FRAMEWORKS_FOLDER_PATH}/GoogleToolboxForMac.framework",
				"${TARGET_BUILD_DIR}/${FRAMEWORKS_FOLDER_PATH}/leveldb.framework",
				"${TARGET_BUILD_DIR}/${FRAMEWORKS_FOLDER_PATH}/nanopb.framework",
			);
			runOnlyForDeploymentPostprocessing = 0;
			shellPath = /bin/sh;
			shellScript = "\"${SRCROOT}/Pods/Target Support Files/Pods-DevChat/Pods-DevChat-frameworks.sh\"\n";
			showEnvVarsInLog = 0;
		};
/* End PBXShellScriptBuildPhase section */

/* Begin PBXSourcesBuildPhase section */
		C8CEDCE4203126630053951E /* Sources */ = {
			isa = PBXSourcesBuildPhase;
			buildActionMask = 2147483647;
			files = (
				C8B58F512038D45300050399 /* RoundButton.swift in Sources */,
				C88F7FF7203FA143006EA978 /* UserCell.swift in Sources */,
				C8CEDCEE203126630053951E /* CameraVC.swift in Sources */,
				C836452120312D5200BAD997 /* AppleCameraViewController.swift in Sources */,
				C8CEDCEC203126630053951E /* AppDelegate.swift in Sources */,
				C88C3D182038BA580021C1AC /* RoundTextField.swift in Sources */,
				C88F7FFC203FA59C006EA978 /* User.swift in Sources */,
				C88F7FF3203F6C70006EA978 /* DataService.swift in Sources */,
				C83D34F1203A35D0001C0AED /* LoginVC.swift in Sources */,
				C84D155A2033BAD6009FEB16 /* AppleCameraVCDelegate.swift in Sources */,
				C8E82AA4203BADD600491A7F /* AuthService.swift in Sources */,
				C8721A2D20312ED900DD0B27 /* PhotoCaptureDelegate.swift in Sources */,
				C836452020312D5200BAD997 /* ApplePreviewView.swift in Sources */,
				C88F7FF5203F9ED7006EA978 /* UsersVC.swift in Sources */,
			);
			runOnlyForDeploymentPostprocessing = 0;
		};
/* End PBXSourcesBuildPhase section */

/* Begin PBXVariantGroup section */
		C8CEDCEF203126630053951E /* Main.storyboard */ = {
			isa = PBXVariantGroup;
			children = (
				C8CEDCF0203126630053951E /* Base */,
			);
			name = Main.storyboard;
			sourceTree = "<group>";
		};
		C8CEDCF4203126630053951E /* LaunchScreen.storyboard */ = {
			isa = PBXVariantGroup;
			children = (
				C8CEDCF5203126630053951E /* Base */,
			);
			name = LaunchScreen.storyboard;
			sourceTree = "<group>";
		};
/* End PBXVariantGroup section */

/* Begin XCBuildConfiguration section */
		C8CEDCF8203126630053951E /* Debug */ = {
			isa = XCBuildConfiguration;
			buildSettings = {
				ALWAYS_SEARCH_USER_PATHS = NO;
				CLANG_ANALYZER_NONNULL = YES;
				CLANG_ANALYZER_NUMBER_OBJECT_CONVERSION = YES_AGGRESSIVE;
				CLANG_CXX_LANGUAGE_STANDARD = "gnu++14";
				CLANG_CXX_LIBRARY = "libc++";
				CLANG_ENABLE_MODULES = YES;
				CLANG_ENABLE_OBJC_ARC = YES;
				CLANG_WARN_BLOCK_CAPTURE_AUTORELEASING = YES;
				CLANG_WARN_BOOL_CONVERSION = YES;
				CLANG_WARN_COMMA = YES;
				CLANG_WARN_CONSTANT_CONVERSION = YES;
				CLANG_WARN_DIRECT_OBJC_ISA_USAGE = YES_ERROR;
				CLANG_WARN_DOCUMENTATION_COMMENTS = YES;
				CLANG_WARN_EMPTY_BODY = YES;
				CLANG_WARN_ENUM_CONVERSION = YES;
				CLANG_WARN_INFINITE_RECURSION = YES;
				CLANG_WARN_INT_CONVERSION = YES;
				CLANG_WARN_NON_LITERAL_NULL_CONVERSION = YES;
				CLANG_WARN_OBJC_LITERAL_CONVERSION = YES;
				CLANG_WARN_OBJC_ROOT_CLASS = YES_ERROR;
				CLANG_WARN_RANGE_LOOP_ANALYSIS = YES;
				CLANG_WARN_STRICT_PROTOTYPES = YES;
				CLANG_WARN_SUSPICIOUS_MOVE = YES;
				CLANG_WARN_UNGUARDED_AVAILABILITY = YES_AGGRESSIVE;
				CLANG_WARN_UNREACHABLE_CODE = YES;
				CLANG_WARN__DUPLICATE_METHOD_MATCH = YES;
				CODE_SIGN_IDENTITY = "iPhone Developer";
				COPY_PHASE_STRIP = NO;
				DEBUG_INFORMATION_FORMAT = dwarf;
				ENABLE_STRICT_OBJC_MSGSEND = YES;
				ENABLE_TESTABILITY = YES;
				GCC_C_LANGUAGE_STANDARD = gnu11;
				GCC_DYNAMIC_NO_PIC = NO;
				GCC_NO_COMMON_BLOCKS = YES;
				GCC_OPTIMIZATION_LEVEL = 0;
				GCC_PREPROCESSOR_DEFINITIONS = (
					"DEBUG=1",
					"$(inherited)",
				);
				GCC_WARN_64_TO_32_BIT_CONVERSION = YES;
				GCC_WARN_ABOUT_RETURN_TYPE = YES_ERROR;
				GCC_WARN_UNDECLARED_SELECTOR = YES;
				GCC_WARN_UNINITIALIZED_AUTOS = YES_AGGRESSIVE;
				GCC_WARN_UNUSED_FUNCTION = YES;
				GCC_WARN_UNUSED_VARIABLE = YES;
				IPHONEOS_DEPLOYMENT_TARGET = 11.2;
				MTL_ENABLE_DEBUG_INFO = YES;
				ONLY_ACTIVE_ARCH = YES;
				SDKROOT = iphoneos;
				SWIFT_ACTIVE_COMPILATION_CONDITIONS = DEBUG;
				SWIFT_OPTIMIZATION_LEVEL = "-Onone";
			};
			name = Debug;
		};
		C8CEDCF9203126630053951E /* Release */ = {
			isa = XCBuildConfiguration;
			buildSettings = {
				ALWAYS_SEARCH_USER_PATHS = NO;
				CLANG_ANALYZER_NONNULL = YES;
				CLANG_ANALYZER_NUMBER_OBJECT_CONVERSION = YES_AGGRESSIVE;
				CLANG_CXX_LANGUAGE_STANDARD = "gnu++14";
				CLANG_CXX_LIBRARY = "libc++";
				CLANG_ENABLE_MODULES = YES;
				CLANG_ENABLE_OBJC_ARC = YES;
				CLANG_WARN_BLOCK_CAPTURE_AUTORELEASING = YES;
				CLANG_WARN_BOOL_CONVERSION = YES;
				CLANG_WARN_COMMA = YES;
				CLANG_WARN_CONSTANT_CONVERSION = YES;
				CLANG_WARN_DIRECT_OBJC_ISA_USAGE = YES_ERROR;
				CLANG_WARN_DOCUMENTATION_COMMENTS = YES;
				CLANG_WARN_EMPTY_BODY = YES;
				CLANG_WARN_ENUM_CONVERSION = YES;
				CLANG_WARN_INFINITE_RECURSION = YES;
				CLANG_WARN_INT_CONVERSION = YES;
				CLANG_WARN_NON_LITERAL_NULL_CONVERSION = YES;
				CLANG_WARN_OBJC_LITERAL_CONVERSION = YES;
				CLANG_WARN_OBJC_ROOT_CLASS = YES_ERROR;
				CLANG_WARN_RANGE_LOOP_ANALYSIS = YES;
				CLANG_WARN_STRICT_PROTOTYPES = YES;
				CLANG_WARN_SUSPICIOUS_MOVE = YES;
				CLANG_WARN_UNGUARDED_AVAILABILITY = YES_AGGRESSIVE;
				CLANG_WARN_UNREACHABLE_CODE = YES;
				CLANG_WARN__DUPLICATE_METHOD_MATCH = YES;
				CODE_SIGN_IDENTITY = "iPhone Developer";
				COPY_PHASE_STRIP = NO;
				DEBUG_INFORMATION_FORMAT = "dwarf-with-dsym";
				ENABLE_NS_ASSERTIONS = NO;
				ENABLE_STRICT_OBJC_MSGSEND = YES;
				GCC_C_LANGUAGE_STANDARD = gnu11;
				GCC_NO_COMMON_BLOCKS = YES;
				GCC_WARN_64_TO_32_BIT_CONVERSION = YES;
				GCC_WARN_ABOUT_RETURN_TYPE = YES_ERROR;
				GCC_WARN_UNDECLARED_SELECTOR = YES;
				GCC_WARN_UNINITIALIZED_AUTOS = YES_AGGRESSIVE;
				GCC_WARN_UNUSED_FUNCTION = YES;
				GCC_WARN_UNUSED_VARIABLE = YES;
				IPHONEOS_DEPLOYMENT_TARGET = 11.2;
				MTL_ENABLE_DEBUG_INFO = NO;
				SDKROOT = iphoneos;
				SWIFT_OPTIMIZATION_LEVEL = "-Owholemodule";
				VALIDATE_PRODUCT = YES;
			};
			name = Release;
		};
		C8CEDCFB203126630053951E /* Debug */ = {
			isa = XCBuildConfiguration;
			baseConfigurationReference = 8475A21B64B3DAAA54125969 /* Pods-DevChat.debug.xcconfig */;
			buildSettings = {
				ASSETCATALOG_COMPILER_APPICON_NAME = AppIcon;
				CODE_SIGN_STYLE = Automatic;
				DEVELOPMENT_TEAM = RQEL5W6SA3;
				INFOPLIST_FILE = DevChat/Info.plist;
				LD_RUNPATH_SEARCH_PATHS = "$(inherited) @executable_path/Frameworks";
				PRODUCT_BUNDLE_IDENTIFIER = BrennanLinse.DevChat;
				PRODUCT_NAME = "$(TARGET_NAME)";
				SWIFT_VERSION = 4.0;
				TARGETED_DEVICE_FAMILY = "1,2";
			};
			name = Debug;
		};
		C8CEDCFC203126630053951E /* Release */ = {
			isa = XCBuildConfiguration;
			baseConfigurationReference = CB666BB8AA9D8C301A63C4B8 /* Pods-DevChat.release.xcconfig */;
			buildSettings = {
				ASSETCATALOG_COMPILER_APPICON_NAME = AppIcon;
				CODE_SIGN_STYLE = Automatic;
				DEVELOPMENT_TEAM = RQEL5W6SA3;
				INFOPLIST_FILE = DevChat/Info.plist;
				LD_RUNPATH_SEARCH_PATHS = "$(inherited) @executable_path/Frameworks";
				PRODUCT_BUNDLE_IDENTIFIER = BrennanLinse.DevChat;
				PRODUCT_NAME = "$(TARGET_NAME)";
				SWIFT_VERSION = 4.0;
				TARGETED_DEVICE_FAMILY = "1,2";
			};
			name = Release;
		};
/* End XCBuildConfiguration section */

/* Begin XCConfigurationList section */
		C8CEDCE3203126630053951E /* Build configuration list for PBXProject "DevChat" */ = {
			isa = XCConfigurationList;
			buildConfigurations = (
				C8CEDCF8203126630053951E /* Debug */,
				C8CEDCF9203126630053951E /* Release */,
			);
			defaultConfigurationIsVisible = 0;
			defaultConfigurationName = Release;
		};
		C8CEDCFA203126630053951E /* Build configuration list for PBXNativeTarget "DevChat" */ = {
			isa = XCConfigurationList;
			buildConfigurations = (
				C8CEDCFB203126630053951E /* Debug */,
				C8CEDCFC203126630053951E /* Release */,
			);
			defaultConfigurationIsVisible = 0;
			defaultConfigurationName = Release;
		};
/* End XCConfigurationList section */
	};
	rootObject = C8CEDCE0203126630053951E /* Project object */;
}
